// !$*UTF8*$!
{
	archiveVersion = 1;
	classes = {
	};
	objectVersion = 56;
	objects = {

/* Begin PBXBuildFile section */
		B412A64A29C3A56D006F7030 /* main.cpp in Sources */ = {isa = PBXBuildFile; fileRef = B412A64929C3A56D006F7030 /* main.cpp */; };
		B412A65529C3AE58006F7030 /* property_tree_utils.cpp in Sources */ = {isa = PBXBuildFile; fileRef = B412A65329C3AE58006F7030 /* property_tree_utils.cpp */; };
		B412A65829C3AE8C006F7030 /* socket_utils.cpp in Sources */ = {isa = PBXBuildFile; fileRef = B412A65629C3AE8C006F7030 /* socket_utils.cpp */; };
		B412A65B29C3AEB7006F7030 /* reflection_utils.cpp in Sources */ = {isa = PBXBuildFile; fileRef = B412A65929C3AEB7006F7030 /* reflection_utils.cpp */; };
/* End PBXBuildFile section */

/* Begin PBXCopyFilesBuildPhase section */
		B412A64429C3A56D006F7030 /* CopyFiles */ = {
			isa = PBXCopyFilesBuildPhase;
			buildActionMask = 2147483647;
			dstPath = /usr/share/man/man1/;
			dstSubfolderSpec = 0;
			files = (
			);
			runOnlyForDeploymentPostprocessing = 1;
		};
/* End PBXCopyFilesBuildPhase section */

/* Begin PBXFileReference section */
		B412A64629C3A56D006F7030 /* FlatBuffersTest */ = {isa = PBXFileReference; explicitFileType = "compiled.mach-o.executable"; includeInIndex = 0; path = FlatBuffersTest; sourceTree = BUILT_PRODUCTS_DIR; };
		B412A64929C3A56D006F7030 /* main.cpp */ = {isa = PBXFileReference; lastKnownFileType = sourcecode.cpp.cpp; path = main.cpp; sourceTree = "<group>"; };
		B412A65029C3A68E006F7030 /* flatbuffers */ = {isa = PBXFileReference; lastKnownFileType = folder; name = flatbuffers; path = flatbuffers/include/flatbuffers; sourceTree = "<group>"; };
		B412A65129C3A890006F7030 /* property_tree_generated.h */ = {isa = PBXFileReference; fileEncoding = 4; lastKnownFileType = sourcecode.c.h; name = property_tree_generated.h; path = ../property_tree_generated.h; sourceTree = "<group>"; };
		B412A65329C3AE58006F7030 /* property_tree_utils.cpp */ = {isa = PBXFileReference; lastKnownFileType = sourcecode.cpp.cpp; path = property_tree_utils.cpp; sourceTree = "<group>"; };
		B412A65429C3AE58006F7030 /* property_tree_utils.hpp */ = {isa = PBXFileReference; lastKnownFileType = sourcecode.cpp.h; path = property_tree_utils.hpp; sourceTree = "<group>"; };
		B412A65629C3AE8C006F7030 /* socket_utils.cpp */ = {isa = PBXFileReference; lastKnownFileType = sourcecode.cpp.cpp; path = socket_utils.cpp; sourceTree = "<group>"; };
		B412A65729C3AE8C006F7030 /* socket_utils.hpp */ = {isa = PBXFileReference; lastKnownFileType = sourcecode.cpp.h; path = socket_utils.hpp; sourceTree = "<group>"; };
		B412A65929C3AEB7006F7030 /* reflection_utils.cpp */ = {isa = PBXFileReference; lastKnownFileType = sourcecode.cpp.cpp; path = reflection_utils.cpp; sourceTree = "<group>"; };
		B412A65A29C3AEB7006F7030 /* reflection_utils.hpp */ = {isa = PBXFileReference; lastKnownFileType = sourcecode.cpp.h; path = reflection_utils.hpp; sourceTree = "<group>"; };
		B412A65C29C437AE006F7030 /* property_tree.fbs */ = {isa = PBXFileReference; fileEncoding = 4; lastKnownFileType = text; name = property_tree.fbs; path = ../property_tree.fbs; sourceTree = "<group>"; };
		B412A65D29C44431006F7030 /* property_tree.bfbs */ = {isa = PBXFileReference; lastKnownFileType = file; name = property_tree.bfbs; path = ../property_tree.bfbs; sourceTree = "<group>"; };
		B412A65E29C521FA006F7030 /* README.md */ = {isa = PBXFileReference; lastKnownFileType = net.daringfireball.markdown; path = README.md; sourceTree = "<group>"; };
/* End PBXFileReference section */

/* Begin PBXFrameworksBuildPhase section */
		B412A64329C3A56D006F7030 /* Frameworks */ = {
			isa = PBXFrameworksBuildPhase;
			buildActionMask = 2147483647;
			files = (
			);
			runOnlyForDeploymentPostprocessing = 0;
		};
/* End PBXFrameworksBuildPhase section */

/* Begin PBXGroup section */
		B412A63D29C3A56D006F7030 = {
			isa = PBXGroup;
			children = (
				B412A65E29C521FA006F7030 /* README.md */,
				B412A65D29C44431006F7030 /* property_tree.bfbs */,
				B412A65C29C437AE006F7030 /* property_tree.fbs */,
				B412A65129C3A890006F7030 /* property_tree_generated.h */,
				B412A65029C3A68E006F7030 /* flatbuffers */,
				B412A64829C3A56D006F7030 /* FlatBuffersTest */,
				B412A64729C3A56D006F7030 /* Products */,
			);
			sourceTree = "<group>";
		};
		B412A64729C3A56D006F7030 /* Products */ = {
			isa = PBXGroup;
			children = (
				B412A64629C3A56D006F7030 /* FlatBuffersTest */,
			);
			name = Products;
			sourceTree = "<group>";
		};
		B412A64829C3A56D006F7030 /* FlatBuffersTest */ = {
			isa = PBXGroup;
			children = (
				B412A64929C3A56D006F7030 /* main.cpp */,
				B412A65329C3AE58006F7030 /* property_tree_utils.cpp */,
				B412A65429C3AE58006F7030 /* property_tree_utils.hpp */,
				B412A65629C3AE8C006F7030 /* socket_utils.cpp */,
				B412A65729C3AE8C006F7030 /* socket_utils.hpp */,
				B412A65929C3AEB7006F7030 /* reflection_utils.cpp */,
				B412A65A29C3AEB7006F7030 /* reflection_utils.hpp */,
			);
			path = FlatBuffersTest;
			sourceTree = "<group>";
		};
/* End PBXGroup section */

/* Begin PBXNativeTarget section */
		B412A64529C3A56D006F7030 /* FlatBuffersTest */ = {
			isa = PBXNativeTarget;
			buildConfigurationList = B412A64D29C3A56D006F7030 /* Build configuration list for PBXNativeTarget "FlatBuffersTest" */;
			buildPhases = (
				B412A64229C3A56D006F7030 /* Sources */,
				B412A64329C3A56D006F7030 /* Frameworks */,
				B412A64429C3A56D006F7030 /* CopyFiles */,
			);
			buildRules = (
			);
			dependencies = (
			);
			name = FlatBuffersTest;
			productName = FlatBuffersTest;
			productReference = B412A64629C3A56D006F7030 /* FlatBuffersTest */;
			productType = "com.apple.product-type.tool";
		};
/* End PBXNativeTarget section */

/* Begin PBXProject section */
		B412A63E29C3A56D006F7030 /* Project object */ = {
			isa = PBXProject;
			attributes = {
				BuildIndependentTargetsInParallel = 1;
				LastUpgradeCheck = 1420;
				TargetAttributes = {
					B412A64529C3A56D006F7030 = {
						CreatedOnToolsVersion = 14.2;
					};
				};
			};
			buildConfigurationList = B412A64129C3A56D006F7030 /* Build configuration list for PBXProject "FlatBuffersTest" */;
			compatibilityVersion = "Xcode 14.0";
			developmentRegion = en;
			hasScannedForEncodings = 0;
			knownRegions = (
				en,
				Base,
			);
			mainGroup = B412A63D29C3A56D006F7030;
			productRefGroup = B412A64729C3A56D006F7030 /* Products */;
			projectDirPath = "";
			projectRoot = "";
			targets = (
				B412A64529C3A56D006F7030 /* FlatBuffersTest */,
			);
		};
/* End PBXProject section */

/* Begin PBXSourcesBuildPhase section */
		B412A64229C3A56D006F7030 /* Sources */ = {
			isa = PBXSourcesBuildPhase;
			buildActionMask = 2147483647;
			files = (
				B412A65B29C3AEB7006F7030 /* reflection_utils.cpp in Sources */,
				B412A65829C3AE8C006F7030 /* socket_utils.cpp in Sources */,
				B412A65529C3AE58006F7030 /* property_tree_utils.cpp in Sources */,
				B412A64A29C3A56D006F7030 /* main.cpp in Sources */,
			);
			runOnlyForDeploymentPostprocessing = 0;
		};
/* End PBXSourcesBuildPhase section */

/* Begin XCBuildConfiguration section */
		B412A64B29C3A56D006F7030 /* Debug */ = {
			isa = XCBuildConfiguration;
			buildSettings = {
				ALWAYS_SEARCH_USER_PATHS = NO;
				CLANG_ANALYZER_NONNULL = YES;
				CLANG_ANALYZER_NUMBER_OBJECT_CONVERSION = YES_AGGRESSIVE;
				CLANG_CXX_LANGUAGE_STANDARD = "gnu++20";
				CLANG_ENABLE_MODULES = YES;
				CLANG_ENABLE_OBJC_ARC = YES;
				CLANG_ENABLE_OBJC_WEAK = YES;
				CLANG_WARN_BLOCK_CAPTURE_AUTORELEASING = YES;
				CLANG_WARN_BOOL_CONVERSION = YES;
				CLANG_WARN_COMMA = YES;
				CLANG_WARN_CONSTANT_CONVERSION = YES;
				CLANG_WARN_DEPRECATED_OBJC_IMPLEMENTATIONS = YES;
				CLANG_WARN_DIRECT_OBJC_ISA_USAGE = YES_ERROR;
				CLANG_WARN_DOCUMENTATION_COMMENTS = YES;
				CLANG_WARN_EMPTY_BODY = YES;
				CLANG_WARN_ENUM_CONVERSION = YES;
				CLANG_WARN_INFINITE_RECURSION = YES;
				CLANG_WARN_INT_CONVERSION = YES;
				CLANG_WARN_NON_LITERAL_NULL_CONVERSION = YES;
				CLANG_WARN_OBJC_IMPLICIT_RETAIN_SELF = YES;
				CLANG_WARN_OBJC_LITERAL_CONVERSION = YES;
				CLANG_WARN_OBJC_ROOT_CLASS = YES_ERROR;
				CLANG_WARN_QUOTED_INCLUDE_IN_FRAMEWORK_HEADER = YES;
				CLANG_WARN_RANGE_LOOP_ANALYSIS = YES;
				CLANG_WARN_STRICT_PROTOTYPES = YES;
				CLANG_WARN_SUSPICIOUS_MOVE = YES;
				CLANG_WARN_UNGUARDED_AVAILABILITY = YES_AGGRESSIVE;
				CLANG_WARN_UNREACHABLE_CODE = YES;
				CLANG_WARN__DUPLICATE_METHOD_MATCH = YES;
				COPY_PHASE_STRIP = NO;
				DEBUG_INFORMATION_FORMAT = dwarf;
				ENABLE_STRICT_OBJC_MSGSEND = YES;
				ENABLE_TESTABILITY = YES;
				GCC_C_LANGUAGE_STANDARD = gnu11;
				GCC_DYNAMIC_NO_PIC = NO;
				GCC_NO_COMMON_BLOCKS = YES;
				GCC_OPTIMIZATION_LEVEL = 0;
				GCC_PREPROCESSOR_DEFINITIONS = (
					"DEBUG=1",
					"$(inherited)",
				);
				GCC_WARN_64_TO_32_BIT_CONVERSION = YES;
				GCC_WARN_ABOUT_RETURN_TYPE = YES_ERROR;
				GCC_WARN_UNDECLARED_SELECTOR = YES;
				GCC_WARN_UNINITIALIZED_AUTOS = YES_AGGRESSIVE;
				GCC_WARN_UNUSED_FUNCTION = YES;
				GCC_WARN_UNUSED_VARIABLE = YES;
				HEADER_SEARCH_PATHS = (
					"$(SRCROOT)/flatbuffers/include",
					"$(SRCROOT)/flatbuffers/include",
				);
				MACOSX_DEPLOYMENT_TARGET = 13.1;
				MTL_ENABLE_DEBUG_INFO = INCLUDE_SOURCE;
				MTL_FAST_MATH = YES;
				ONLY_ACTIVE_ARCH = YES;
				SDKROOT = macosx;
			};
			name = Debug;
		};
		B412A64C29C3A56D006F7030 /* Release */ = {
			isa = XCBuildConfiguration;
			buildSettings = {
				ALWAYS_SEARCH_USER_PATHS = NO;
				CLANG_ANALYZER_NONNULL = YES;
				CLANG_ANALYZER_NUMBER_OBJECT_CONVERSION = YES_AGGRESSIVE;
				CLANG_CXX_LANGUAGE_STANDARD = "gnu++20";
				CLANG_ENABLE_MODULES = YES;
				CLANG_ENABLE_OBJC_ARC = YES;
				CLANG_ENABLE_OBJC_WEAK = YES;
				CLANG_WARN_BLOCK_CAPTURE_AUTORELEASING = YES;
				CLANG_WARN_BOOL_CONVERSION = YES;
				CLANG_WARN_COMMA = YES;
				CLANG_WARN_CONSTANT_CONVERSION = YES;
				CLANG_WARN_DEPRECATED_OBJC_IMPLEMENTATIONS = YES;
				CLANG_WARN_DIRECT_OBJC_ISA_USAGE = YES_ERROR;
				CLANG_WARN_DOCUMENTATION_COMMENTS = YES;
				CLANG_WARN_EMPTY_BODY = YES;
				CLANG_WARN_ENUM_CONVERSION = YES;
				CLANG_WARN_INFINITE_RECURSION = YES;
				CLANG_WARN_INT_CONVERSION = YES;
				CLANG_WARN_NON_LITERAL_NULL_CONVERSION = YES;
				CLANG_WARN_OBJC_IMPLICIT_RETAIN_SELF = YES;
				CLANG_WARN_OBJC_LITERAL_CONVERSION = YES;
				CLANG_WARN_OBJC_ROOT_CLASS = YES_ERROR;
				CLANG_WARN_QUOTED_INCLUDE_IN_FRAMEWORK_HEADER = YES;
				CLANG_WARN_RANGE_LOOP_ANALYSIS = YES;
				CLANG_WARN_STRICT_PROTOTYPES = YES;
				CLANG_WARN_SUSPICIOUS_MOVE = YES;
				CLANG_WARN_UNGUARDED_AVAILABILITY = YES_AGGRESSIVE;
				CLANG_WARN_UNREACHABLE_CODE = YES;
				CLANG_WARN__DUPLICATE_METHOD_MATCH = YES;
				COPY_PHASE_STRIP = NO;
				DEBUG_INFORMATION_FORMAT = "dwarf-with-dsym";
				ENABLE_NS_ASSERTIONS = NO;
				ENABLE_STRICT_OBJC_MSGSEND = YES;
				GCC_C_LANGUAGE_STANDARD = gnu11;
				GCC_NO_COMMON_BLOCKS = YES;
				GCC_WARN_64_TO_32_BIT_CONVERSION = YES;
				GCC_WARN_ABOUT_RETURN_TYPE = YES_ERROR;
				GCC_WARN_UNDECLARED_SELECTOR = YES;
				GCC_WARN_UNINITIALIZED_AUTOS = YES_AGGRESSIVE;
				GCC_WARN_UNUSED_FUNCTION = YES;
				GCC_WARN_UNUSED_VARIABLE = YES;
				HEADER_SEARCH_PATHS = (
					"$(SRCROOT)/flatbuffers/include",
					"$(SRCROOT)/flatbuffers/include",
				);
				MACOSX_DEPLOYMENT_TARGET = 13.1;
				MTL_ENABLE_DEBUG_INFO = NO;
				MTL_FAST_MATH = YES;
				SDKROOT = macosx;
			};
			name = Release;
		};
		B412A64E29C3A56D006F7030 /* Debug */ = {
			isa = XCBuildConfiguration;
			buildSettings = {
				CODE_SIGN_STYLE = Automatic;
				MACOSX_DEPLOYMENT_TARGET = 13.1;
				PRODUCT_NAME = "$(TARGET_NAME)";
			};
			name = Debug;
		};
		B412A64F29C3A56D006F7030 /* Release */ = {
			isa = XCBuildConfiguration;
			buildSettings = {
				CODE_SIGN_STYLE = Automatic;
				MACOSX_DEPLOYMENT_TARGET = 13.1;
				PRODUCT_NAME = "$(TARGET_NAME)";
			};
			name = Release;
		};
/* End XCBuildConfiguration section */

/* Begin XCConfigurationList section */
		B412A64129C3A56D006F7030 /* Build configuration list for PBXProject "FlatBuffersTest" */ = {
			isa = XCConfigurationList;
			buildConfigurations = (
				B412A64B29C3A56D006F7030 /* Debug */,
				B412A64C29C3A56D006F7030 /* Release */,
			);
			defaultConfigurationIsVisible = 0;
			defaultConfigurationName = Release;
		};
		B412A64D29C3A56D006F7030 /* Build configuration list for PBXNativeTarget "FlatBuffersTest" */ = {
			isa = XCConfigurationList;
			buildConfigurations = (
				B412A64E29C3A56D006F7030 /* Debug */,
				B412A64F29C3A56D006F7030 /* Release */,
			);
			defaultConfigurationIsVisible = 0;
			defaultConfigurationName = Release;
		};
/* End XCConfigurationList section */
	};
	rootObject = B412A63E29C3A56D006F7030 /* Project object */;
}
